
Microsoft Visual Studio Solution File, Format Version 12.00
# Visual Studio Version 17
VisualStudioVersion = 17.8.34316.72
MinimumVisualStudioVersion = 10.0.40219.1
Project("{9A19103F-16F7-4668-BE54-9A1E7A4F7556}") = "ConsoleClient", "My-Messanger\ConsoleClient.csproj", "{01B8AC2F-961E-46F4-A178-4E694FB072CA}"
EndProject
Project("{9A19103F-16F7-4668-BE54-9A1E7A4F7556}") = "ASPCore_Server", "ASPCore_Server\ASPCore_Server.csproj", "{E54CE9A4-4F3F-43F3-A038-95DFE216B86D}"
EndProject
Project("{FAE04EC0-301F-11D3-BF4B-00C04F79EFBC}") = "WindowsFormsClient", "WindowsFormsClient\WindowsFormsClient.csproj", "{46402907-D9A3-44F9-9733-FB05BCD5065D}"
EndProject
Global
	GlobalSection(SolutionConfigurationPlatforms) = preSolution
		Debug|Any CPU = Debug|Any CPU
		Release|Any CPU = Release|Any CPU
	EndGlobalSection
	GlobalSection(ProjectConfigurationPlatforms) = postSolution
		{01B8AC2F-961E-46F4-A178-4E694FB072CA}.Debug|Any CPU.ActiveCfg = Debug|Any CPU
		{01B8AC2F-961E-46F4-A178-4E694FB072CA}.Debug|Any CPU.Build.0 = Debug|Any CPU
		{01B8AC2F-961E-46F4-A178-4E694FB072CA}.Release|Any CPU.ActiveCfg = Release|Any CPU
		{01B8AC2F-961E-46F4-A178-4E694FB072CA}.Release|Any CPU.Build.0 = Release|Any CPU
		{E54CE9A4-4F3F-43F3-A038-95DFE216B86D}.Debug|Any CPU.ActiveCfg = Debug|Any CPU
		{E54CE9A4-4F3F-43F3-A038-95DFE216B86D}.Debug|Any CPU.Build.0 = Debug|Any CPU
		{E54CE9A4-4F3F-43F3-A038-95DFE216B86D}.Release|Any CPU.ActiveCfg = Release|Any CPU
		{E54CE9A4-4F3F-43F3-A038-95DFE216B86D}.Release|Any CPU.Build.0 = Release|Any CPU
		{46402907-D9A3-44F9-9733-FB05BCD5065D}.Debug|Any CPU.ActiveCfg = Debug|Any CPU
		{46402907-D9A3-44F9-9733-FB05BCD5065D}.Debug|Any CPU.Build.0 = Debug|Any CPU
		{46402907-D9A3-44F9-9733-FB05BCD5065D}.Release|Any CPU.ActiveCfg = Release|Any CPU
		{46402907-D9A3-44F9-9733-FB05BCD5065D}.Release|Any CPU.Build.0 = Release|Any CPU
	EndGlobalSection
	GlobalSection(SolutionProperties) = preSolution
		HideSolutionNode = FALSE
	EndGlobalSection
	GlobalSection(ExtensibilityGlobals) = postSolution
		SolutionGuid = {22C5CB8E-D20B-4440-909F-AAE858C6839C}
	EndGlobalSection
EndGlobal
